// !$*UTF8*$!
{
	archiveVersion = 1;
	classes = {
	};
	objectVersion = 55;
	objects = {

/* Begin PBXBuildFile section */
		270162C0280164840069E0BE /* AppDelegate.swift in Sources */ = {isa = PBXBuildFile; fileRef = 270162BF280164840069E0BE /* AppDelegate.swift */; };
		270162C2280164840069E0BE /* SceneDelegate.swift in Sources */ = {isa = PBXBuildFile; fileRef = 270162C1280164840069E0BE /* SceneDelegate.swift */; };
		270162C4280164850069E0BE /* HomeViewController.swift in Sources */ = {isa = PBXBuildFile; fileRef = 270162C3280164850069E0BE /* HomeViewController.swift */; };
		270162C7280164850069E0BE /* Main.storyboard in Resources */ = {isa = PBXBuildFile; fileRef = 270162C5280164850069E0BE /* Main.storyboard */; };
		270162CA280164850069E0BE /* Weather.xcdatamodeld in Sources */ = {isa = PBXBuildFile; fileRef = 270162C8280164850069E0BE /* Weather.xcdatamodeld */; };
		270162CC2801648B0069E0BE /* Assets.xcassets in Resources */ = {isa = PBXBuildFile; fileRef = 270162CB2801648B0069E0BE /* Assets.xcassets */; };
		270162CF2801648B0069E0BE /* LaunchScreen.storyboard in Resources */ = {isa = PBXBuildFile; fileRef = 270162CD2801648B0069E0BE /* LaunchScreen.storyboard */; };
		270162DE280194010069E0BE /* static in Resources */ = {isa = PBXBuildFile; fileRef = 270162D9280194010069E0BE /* static */; };
		270162DF280194010069E0BE /* Overpass-VariableFont_wght.ttf in Resources */ = {isa = PBXBuildFile; fileRef = 270162DA280194010069E0BE /* Overpass-VariableFont_wght.ttf */; };
		270162E0280194010069E0BE /* Overpass-Italic-VariableFont_wght.ttf in Resources */ = {isa = PBXBuildFile; fileRef = 270162DB280194010069E0BE /* Overpass-Italic-VariableFont_wght.ttf */; };
		270162E1280194010069E0BE /* OFL.txt in Resources */ = {isa = PBXBuildFile; fileRef = 270162DC280194010069E0BE /* OFL.txt */; };
		270162E2280194010069E0BE /* README.txt in Resources */ = {isa = PBXBuildFile; fileRef = 270162DD280194010069E0BE /* README.txt */; };
		270162EA2801AD530069E0BE /* APIService.swift in Sources */ = {isa = PBXBuildFile; fileRef = 270162E92801AD530069E0BE /* APIService.swift */; };
		2774624928029A65000D8C75 /* OneCallModel.swift in Sources */ = {isa = PBXBuildFile; fileRef = 2774624828029A65000D8C75 /* OneCallModel.swift */; };
		27D78B3C280ABE1E0093C508 /* Language.swift in Sources */ = {isa = PBXBuildFile; fileRef = 27D78B3B280ABE1E0093C508 /* Language.swift */; };
		27D78B3E280ACAD00093C508 /* NetworkError.swift in Sources */ = {isa = PBXBuildFile; fileRef = 27D78B3D280ACAD00093C508 /* NetworkError.swift */; };
		27D78B40280ACF6E0093C508 /* Exclude.swift in Sources */ = {isa = PBXBuildFile; fileRef = 27D78B3F280ACF6E0093C508 /* Exclude.swift */; };
		27D78B42280ACF940093C508 /* Units.swift in Sources */ = {isa = PBXBuildFile; fileRef = 27D78B41280ACF940093C508 /* Units.swift */; };
		5239E7723FE6DB234A84075A /* Pods_Weather.framework in Frameworks */ = {isa = PBXBuildFile; fileRef = B320AE358874B0C7F2568862 /* Pods_Weather.framework */; };
/* End PBXBuildFile section */

/* Begin PBXFileReference section */
		157A90547CEF226724AADF02 /* Pods-Weather.debug.xcconfig */ = {isa = PBXFileReference; includeInIndex = 1; lastKnownFileType = text.xcconfig; name = "Pods-Weather.debug.xcconfig"; path = "Target Support Files/Pods-Weather/Pods-Weather.debug.xcconfig"; sourceTree = "<group>"; };
		270162BC280164840069E0BE /* Weather.app */ = {isa = PBXFileReference; explicitFileType = wrapper.application; includeInIndex = 0; path = Weather.app; sourceTree = BUILT_PRODUCTS_DIR; };
		270162BF280164840069E0BE /* AppDelegate.swift */ = {isa = PBXFileReference; lastKnownFileType = sourcecode.swift; path = AppDelegate.swift; sourceTree = "<group>"; };
		270162C1280164840069E0BE /* SceneDelegate.swift */ = {isa = PBXFileReference; lastKnownFileType = sourcecode.swift; path = SceneDelegate.swift; sourceTree = "<group>"; };
		270162C3280164850069E0BE /* HomeViewController.swift */ = {isa = PBXFileReference; lastKnownFileType = sourcecode.swift; path = HomeViewController.swift; sourceTree = "<group>"; };
		270162C6280164850069E0BE /* Base */ = {isa = PBXFileReference; lastKnownFileType = file.storyboard; name = Base; path = Base.lproj/Main.storyboard; sourceTree = "<group>"; };
		270162C9280164850069E0BE /* Weather.xcdatamodel */ = {isa = PBXFileReference; lastKnownFileType = wrapper.xcdatamodel; path = Weather.xcdatamodel; sourceTree = "<group>"; };
		270162CB2801648B0069E0BE /* Assets.xcassets */ = {isa = PBXFileReference; lastKnownFileType = folder.assetcatalog; path = Assets.xcassets; sourceTree = "<group>"; };
		270162CE2801648B0069E0BE /* Base */ = {isa = PBXFileReference; lastKnownFileType = file.storyboard; name = Base; path = Base.lproj/LaunchScreen.storyboard; sourceTree = "<group>"; };
		270162D02801648B0069E0BE /* Info.plist */ = {isa = PBXFileReference; lastKnownFileType = text.plist.xml; name = Info.plist; path = Weather/Info.plist; sourceTree = SOURCE_ROOT; };
		270162D9280194010069E0BE /* static */ = {isa = PBXFileReference; lastKnownFileType = folder; path = static; sourceTree = "<group>"; };
		270162DA280194010069E0BE /* Overpass-VariableFont_wght.ttf */ = {isa = PBXFileReference; lastKnownFileType = file; path = "Overpass-VariableFont_wght.ttf"; sourceTree = "<group>"; };
		270162DB280194010069E0BE /* Overpass-Italic-VariableFont_wght.ttf */ = {isa = PBXFileReference; lastKnownFileType = file; path = "Overpass-Italic-VariableFont_wght.ttf"; sourceTree = "<group>"; };
		270162DC280194010069E0BE /* OFL.txt */ = {isa = PBXFileReference; fileEncoding = 4; lastKnownFileType = text; path = OFL.txt; sourceTree = "<group>"; };
		270162DD280194010069E0BE /* README.txt */ = {isa = PBXFileReference; fileEncoding = 4; lastKnownFileType = text; path = README.txt; sourceTree = "<group>"; };
		270162E92801AD530069E0BE /* APIService.swift */ = {isa = PBXFileReference; lastKnownFileType = sourcecode.swift; path = APIService.swift; sourceTree = "<group>"; };
		272CED242802E1DC00D2CD08 /* Config.xcconfig */ = {isa = PBXFileReference; lastKnownFileType = text.xcconfig; path = Config.xcconfig; sourceTree = "<group>"; };
		2774624828029A65000D8C75 /* OneCallModel.swift */ = {isa = PBXFileReference; lastKnownFileType = sourcecode.swift; path = OneCallModel.swift; sourceTree = "<group>"; };
		27D78B3B280ABE1E0093C508 /* Language.swift */ = {isa = PBXFileReference; lastKnownFileType = sourcecode.swift; path = Language.swift; sourceTree = "<group>"; };
		27D78B3D280ACAD00093C508 /* NetworkError.swift */ = {isa = PBXFileReference; lastKnownFileType = sourcecode.swift; path = NetworkError.swift; sourceTree = "<group>"; };
		27D78B3F280ACF6E0093C508 /* Exclude.swift */ = {isa = PBXFileReference; lastKnownFileType = sourcecode.swift; path = Exclude.swift; sourceTree = "<group>"; };
		27D78B41280ACF940093C508 /* Units.swift */ = {isa = PBXFileReference; lastKnownFileType = sourcecode.swift; path = Units.swift; sourceTree = "<group>"; };
		85DCE009361DD45F37483DE3 /* Pods-Weather.release.xcconfig */ = {isa = PBXFileReference; includeInIndex = 1; lastKnownFileType = text.xcconfig; name = "Pods-Weather.release.xcconfig"; path = "Target Support Files/Pods-Weather/Pods-Weather.release.xcconfig"; sourceTree = "<group>"; };
		B320AE358874B0C7F2568862 /* Pods_Weather.framework */ = {isa = PBXFileReference; explicitFileType = wrapper.framework; includeInIndex = 0; path = Pods_Weather.framework; sourceTree = BUILT_PRODUCTS_DIR; };
/* End PBXFileReference section */

/* Begin PBXFrameworksBuildPhase section */
		270162B9280164840069E0BE /* Frameworks */ = {
			isa = PBXFrameworksBuildPhase;
			buildActionMask = 2147483647;
			files = (
				5239E7723FE6DB234A84075A /* Pods_Weather.framework in Frameworks */,
			);
			runOnlyForDeploymentPostprocessing = 0;
		};
/* End PBXFrameworksBuildPhase section */

/* Begin PBXGroup section */
		08286EB8CAEE421851F5F082 /* Frameworks */ = {
			isa = PBXGroup;
			children = (
				B320AE358874B0C7F2568862 /* Pods_Weather.framework */,
			);
			name = Frameworks;
			sourceTree = "<group>";
		};
		270162B3280164840069E0BE = {
			isa = PBXGroup;
			children = (
				270162BE280164840069E0BE /* Weather */,
				270162BD280164840069E0BE /* Products */,
				A4D882015B93F089E1AE4906 /* Pods */,
				08286EB8CAEE421851F5F082 /* Frameworks */,
			);
			sourceTree = "<group>";
		};
		270162BD280164840069E0BE /* Products */ = {
			isa = PBXGroup;
			children = (
				270162BC280164840069E0BE /* Weather.app */,
			);
			name = Products;
			sourceTree = "<group>";
		};
		270162BE280164840069E0BE /* Weather */ = {
			isa = PBXGroup;
			children = (
				270162E82801AD060069E0BE /* API Service */,
				270162E5280196830069E0BE /* ViewModels */,
				270162E6280196AC0069E0BE /* Models */,
				270162E72801A8D40069E0BE /* Controllers */,
				270162D8280167720069E0BE /* Supporting files */,
				270162E4280196640069E0BE /* View */,
				27D78B3A280ABE060093C508 /* Enums */,
				270162D62801675A0069E0BE /* Font */,
				270162D02801648B0069E0BE /* Info.plist */,
				270162CB2801648B0069E0BE /* Assets.xcassets */,
				270162C8280164850069E0BE /* Weather.xcdatamodeld */,
			);
			path = Weather;
			sourceTree = "<group>";
		};
		270162D62801675A0069E0BE /* Font */ = {
			isa = PBXGroup;
			children = (
				270162DC280194010069E0BE /* OFL.txt */,
				270162DB280194010069E0BE /* Overpass-Italic-VariableFont_wght.ttf */,
				270162DA280194010069E0BE /* Overpass-VariableFont_wght.ttf */,
				270162DD280194010069E0BE /* README.txt */,
				270162D9280194010069E0BE /* static */,
			);
			path = Font;
			sourceTree = "<group>";
		};
		270162D8280167720069E0BE /* Supporting files */ = {
			isa = PBXGroup;
			children = (
				270162BF280164840069E0BE /* AppDelegate.swift */,
				270162C1280164840069E0BE /* SceneDelegate.swift */,
				272CED242802E1DC00D2CD08 /* Config.xcconfig */,
			);
			path = "Supporting files";
			sourceTree = "<group>";
		};
		270162E4280196640069E0BE /* View */ = {
			isa = PBXGroup;
			children = (
				270162C5280164850069E0BE /* Main.storyboard */,
				270162CD2801648B0069E0BE /* LaunchScreen.storyboard */,
			);
			path = View;
			sourceTree = "<group>";
		};
		270162E5280196830069E0BE /* ViewModels */ = {
			isa = PBXGroup;
			children = (
			);
			path = ViewModels;
			sourceTree = "<group>";
		};
		270162E6280196AC0069E0BE /* Models */ = {
			isa = PBXGroup;
			children = (
				2774624828029A65000D8C75 /* OneCallModel.swift */,
			);
			path = Models;
			sourceTree = "<group>";
		};
		270162E72801A8D40069E0BE /* Controllers */ = {
			isa = PBXGroup;
			children = (
				270162C3280164850069E0BE /* HomeViewController.swift */,
			);
			path = Controllers;
			sourceTree = "<group>";
		};
		270162E82801AD060069E0BE /* API Service */ = {
			isa = PBXGroup;
			children = (
				270162E92801AD530069E0BE /* APIService.swift */,
			);
			path = "API Service";
			sourceTree = "<group>";
		};
		27D78B3A280ABE060093C508 /* Enums */ = {
			isa = PBXGroup;
			children = (
				27D78B3B280ABE1E0093C508 /* Language.swift */,
				27D78B3F280ACF6E0093C508 /* Exclude.swift */,
				27D78B3D280ACAD00093C508 /* NetworkError.swift */,
				27D78B41280ACF940093C508 /* Units.swift */,
			);
			path = Enums;
			sourceTree = "<group>";
		};
		A4D882015B93F089E1AE4906 /* Pods */ = {
			isa = PBXGroup;
			children = (
				157A90547CEF226724AADF02 /* Pods-Weather.debug.xcconfig */,
				85DCE009361DD45F37483DE3 /* Pods-Weather.release.xcconfig */,
			);
			path = Pods;
			sourceTree = "<group>";
		};
/* End PBXGroup section */

/* Begin PBXNativeTarget section */
		270162BB280164840069E0BE /* Weather */ = {
			isa = PBXNativeTarget;
			buildConfigurationList = 270162D32801648B0069E0BE /* Build configuration list for PBXNativeTarget "Weather" */;
			buildPhases = (
				AE59F25D687C90BFD6203692 /* [CP] Check Pods Manifest.lock */,
				270162B8280164840069E0BE /* Sources */,
				270162B9280164840069E0BE /* Frameworks */,
				270162BA280164840069E0BE /* Resources */,
				A6742FD7B405A73DF30A2BDD /* [CP] Embed Pods Frameworks */,
			);
			buildRules = (
			);
			dependencies = (
			);
			name = Weather;
			productName = Weather;
			productReference = 270162BC280164840069E0BE /* Weather.app */;
			productType = "com.apple.product-type.application";
		};
/* End PBXNativeTarget section */

/* Begin PBXProject section */
		270162B4280164840069E0BE /* Project object */ = {
			isa = PBXProject;
			attributes = {
				BuildIndependentTargetsInParallel = 1;
				LastSwiftUpdateCheck = 1300;
				LastUpgradeCheck = 1300;
				TargetAttributes = {
					270162BB280164840069E0BE = {
						CreatedOnToolsVersion = 13.0;
					};
				};
			};
			buildConfigurationList = 270162B7280164840069E0BE /* Build configuration list for PBXProject "Weather" */;
			compatibilityVersion = "Xcode 13.0";
			developmentRegion = en;
			hasScannedForEncodings = 0;
			knownRegions = (
				en,
				Base,
			);
			mainGroup = 270162B3280164840069E0BE;
			productRefGroup = 270162BD280164840069E0BE /* Products */;
			projectDirPath = "";
			projectRoot = "";
			targets = (
				270162BB280164840069E0BE /* Weather */,
			);
		};
/* End PBXProject section */

/* Begin PBXResourcesBuildPhase section */
		270162BA280164840069E0BE /* Resources */ = {
			isa = PBXResourcesBuildPhase;
			buildActionMask = 2147483647;
			files = (
				270162E1280194010069E0BE /* OFL.txt in Resources */,
				270162DF280194010069E0BE /* Overpass-VariableFont_wght.ttf in Resources */,
				270162CF2801648B0069E0BE /* LaunchScreen.storyboard in Resources */,
				270162E0280194010069E0BE /* Overpass-Italic-VariableFont_wght.ttf in Resources */,
				270162CC2801648B0069E0BE /* Assets.xcassets in Resources */,
				270162DE280194010069E0BE /* static in Resources */,
				270162E2280194010069E0BE /* README.txt in Resources */,
				270162C7280164850069E0BE /* Main.storyboard in Resources */,
			);
			runOnlyForDeploymentPostprocessing = 0;
		};
/* End PBXResourcesBuildPhase section */

/* Begin PBXShellScriptBuildPhase section */
		A6742FD7B405A73DF30A2BDD /* [CP] Embed Pods Frameworks */ = {
			isa = PBXShellScriptBuildPhase;
			buildActionMask = 2147483647;
			files = (
			);
			inputFileListPaths = (
				"${PODS_ROOT}/Target Support Files/Pods-Weather/Pods-Weather-frameworks-${CONFIGURATION}-input-files.xcfilelist",
			);
			name = "[CP] Embed Pods Frameworks";
			outputFileListPaths = (
				"${PODS_ROOT}/Target Support Files/Pods-Weather/Pods-Weather-frameworks-${CONFIGURATION}-output-files.xcfilelist",
			);
			runOnlyForDeploymentPostprocessing = 0;
			shellPath = /bin/sh;
			shellScript = "\"${PODS_ROOT}/Target Support Files/Pods-Weather/Pods-Weather-frameworks.sh\"\n";
			showEnvVarsInLog = 0;
		};
		AE59F25D687C90BFD6203692 /* [CP] Check Pods Manifest.lock */ = {
			isa = PBXShellScriptBuildPhase;
			buildActionMask = 2147483647;
			files = (
			);
			inputFileListPaths = (
			);
			inputPaths = (
				"${PODS_PODFILE_DIR_PATH}/Podfile.lock",
				"${PODS_ROOT}/Manifest.lock",
			);
			name = "[CP] Check Pods Manifest.lock";
			outputFileListPaths = (
			);
			outputPaths = (
				"$(DERIVED_FILE_DIR)/Pods-Weather-checkManifestLockResult.txt",
			);
			runOnlyForDeploymentPostprocessing = 0;
			shellPath = /bin/sh;
			shellScript = "diff \"${PODS_PODFILE_DIR_PATH}/Podfile.lock\" \"${PODS_ROOT}/Manifest.lock\" > /dev/null\nif [ $? != 0 ] ; then\n    # print error to STDERR\n    echo \"error: The sandbox is not in sync with the Podfile.lock. Run 'pod install' or update your CocoaPods installation.\" >&2\n    exit 1\nfi\n# This output is used by Xcode 'outputs' to avoid re-running this script phase.\necho \"SUCCESS\" > \"${SCRIPT_OUTPUT_FILE_0}\"\n";
			showEnvVarsInLog = 0;
		};
/* End PBXShellScriptBuildPhase section */

/* Begin PBXSourcesBuildPhase section */
		270162B8280164840069E0BE /* Sources */ = {
			isa = PBXSourcesBuildPhase;
			buildActionMask = 2147483647;
			files = (
				2774624928029A65000D8C75 /* OneCallModel.swift in Sources */,
				27D78B3E280ACAD00093C508 /* NetworkError.swift in Sources */,
				270162CA280164850069E0BE /* Weather.xcdatamodeld in Sources */,
				27D78B42280ACF940093C508 /* Units.swift in Sources */,
				27D78B40280ACF6E0093C508 /* Exclude.swift in Sources */,
				270162EA2801AD530069E0BE /* APIService.swift in Sources */,
				270162C4280164850069E0BE /* HomeViewController.swift in Sources */,
				27D78B3C280ABE1E0093C508 /* Language.swift in Sources */,
				270162C0280164840069E0BE /* AppDelegate.swift in Sources */,
				270162C2280164840069E0BE /* SceneDelegate.swift in Sources */,
			);
			runOnlyForDeploymentPostprocessing = 0;
		};
/* End PBXSourcesBuildPhase section */

/* Begin PBXVariantGroup section */
		270162C5280164850069E0BE /* Main.storyboard */ = {
			isa = PBXVariantGroup;
			children = (
				270162C6280164850069E0BE /* Base */,
			);
			name = Main.storyboard;
			sourceTree = "<group>";
		};
		270162CD2801648B0069E0BE /* LaunchScreen.storyboard */ = {
			isa = PBXVariantGroup;
			children = (
				270162CE2801648B0069E0BE /* Base */,
			);
			name = LaunchScreen.storyboard;
			sourceTree = "<group>";
		};
/* End PBXVariantGroup section */

/* Begin XCBuildConfiguration section */
		270162D12801648B0069E0BE /* Debug */ = {
			isa = XCBuildConfiguration;
			baseConfigurationReference = 272CED242802E1DC00D2CD08 /* Config.xcconfig */;
			buildSettings = {
				ALWAYS_SEARCH_USER_PATHS = NO;
				CLANG_ANALYZER_NONNULL = YES;
				CLANG_ANALYZER_NUMBER_OBJECT_CONVERSION = YES_AGGRESSIVE;
				CLANG_CXX_LANGUAGE_STANDARD = "gnu++17";
				CLANG_CXX_LIBRARY = "libc++";
				CLANG_ENABLE_MODULES = YES;
				CLANG_ENABLE_OBJC_ARC = YES;
				CLANG_ENABLE_OBJC_WEAK = YES;
				CLANG_WARN_BLOCK_CAPTURE_AUTORELEASING = YES;
				CLANG_WARN_BOOL_CONVERSION = YES;
				CLANG_WARN_COMMA = YES;
				CLANG_WARN_CONSTANT_CONVERSION = YES;
				CLANG_WARN_DEPRECATED_OBJC_IMPLEMENTATIONS = YES;
				CLANG_WARN_DIRECT_OBJC_ISA_USAGE = YES_ERROR;
				CLANG_WARN_DOCUMENTATION_COMMENTS = YES;
				CLANG_WARN_EMPTY_BODY = YES;
				CLANG_WARN_ENUM_CONVERSION = YES;
				CLANG_WARN_INFINITE_RECURSION = YES;
				CLANG_WARN_INT_CONVERSION = YES;
				CLANG_WARN_NON_LITERAL_NULL_CONVERSION = YES;
				CLANG_WARN_OBJC_IMPLICIT_RETAIN_SELF = YES;
				CLANG_WARN_OBJC_LITERAL_CONVERSION = YES;
				CLANG_WARN_OBJC_ROOT_CLASS = YES_ERROR;
				CLANG_WARN_QUOTED_INCLUDE_IN_FRAMEWORK_HEADER = YES;
				CLANG_WARN_RANGE_LOOP_ANALYSIS = YES;
				CLANG_WARN_STRICT_PROTOTYPES = YES;
				CLANG_WARN_SUSPICIOUS_MOVE = YES;
				CLANG_WARN_UNGUARDED_AVAILABILITY = YES_AGGRESSIVE;
				CLANG_WARN_UNREACHABLE_CODE = YES;
				CLANG_WARN__DUPLICATE_METHOD_MATCH = YES;
				COPY_PHASE_STRIP = NO;
				DEBUG_INFORMATION_FORMAT = dwarf;
				ENABLE_STRICT_OBJC_MSGSEND = YES;
				ENABLE_TESTABILITY = YES;
				GCC_C_LANGUAGE_STANDARD = gnu11;
				GCC_DYNAMIC_NO_PIC = NO;
				GCC_NO_COMMON_BLOCKS = YES;
				GCC_OPTIMIZATION_LEVEL = 0;
				GCC_PREPROCESSOR_DEFINITIONS = (
					"DEBUG=1",
					"$(inherited)",
				);
				GCC_WARN_64_TO_32_BIT_CONVERSION = YES;
				GCC_WARN_ABOUT_RETURN_TYPE = YES_ERROR;
				GCC_WARN_UNDECLARED_SELECTOR = YES;
				GCC_WARN_UNINITIALIZED_AUTOS = YES_AGGRESSIVE;
				GCC_WARN_UNUSED_FUNCTION = YES;
				GCC_WARN_UNUSED_VARIABLE = YES;
				IPHONEOS_DEPLOYMENT_TARGET = 15.0;
				MTL_ENABLE_DEBUG_INFO = INCLUDE_SOURCE;
				MTL_FAST_MATH = YES;
				ONLY_ACTIVE_ARCH = YES;
				SDKROOT = iphoneos;
				SWIFT_ACTIVE_COMPILATION_CONDITIONS = DEBUG;
				SWIFT_OPTIMIZATION_LEVEL = "-Onone";
			};
			name = Debug;
		};
		270162D22801648B0069E0BE /* Release */ = {
			isa = XCBuildConfiguration;
			baseConfigurationReference = 272CED242802E1DC00D2CD08 /* Config.xcconfig */;
			buildSettings = {
				ALWAYS_SEARCH_USER_PATHS = NO;
				CLANG_ANALYZER_NONNULL = YES;
				CLANG_ANALYZER_NUMBER_OBJECT_CONVERSION = YES_AGGRESSIVE;
				CLANG_CXX_LANGUAGE_STANDARD = "gnu++17";
				CLANG_CXX_LIBRARY = "libc++";
				CLANG_ENABLE_MODULES = YES;
				CLANG_ENABLE_OBJC_ARC = YES;
				CLANG_ENABLE_OBJC_WEAK = YES;
				CLANG_WARN_BLOCK_CAPTURE_AUTORELEASING = YES;
				CLANG_WARN_BOOL_CONVERSION = YES;
				CLANG_WARN_COMMA = YES;
				CLANG_WARN_CONSTANT_CONVERSION = YES;
				CLANG_WARN_DEPRECATED_OBJC_IMPLEMENTATIONS = YES;
				CLANG_WARN_DIRECT_OBJC_ISA_USAGE = YES_ERROR;
				CLANG_WARN_DOCUMENTATION_COMMENTS = YES;
				CLANG_WARN_EMPTY_BODY = YES;
				CLANG_WARN_ENUM_CONVERSION = YES;
				CLANG_WARN_INFINITE_RECURSION = YES;
				CLANG_WARN_INT_CONVERSION = YES;
				CLANG_WARN_NON_LITERAL_NULL_CONVERSION = YES;
				CLANG_WARN_OBJC_IMPLICIT_RETAIN_SELF = YES;
				CLANG_WARN_OBJC_LITERAL_CONVERSION = YES;
				CLANG_WARN_OBJC_ROOT_CLASS = YES_ERROR;
				CLANG_WARN_QUOTED_INCLUDE_IN_FRAMEWORK_HEADER = YES;
				CLANG_WARN_RANGE_LOOP_ANALYSIS = YES;
				CLANG_WARN_STRICT_PROTOTYPES = YES;
				CLANG_WARN_SUSPICIOUS_MOVE = YES;
				CLANG_WARN_UNGUARDED_AVAILABILITY = YES_AGGRESSIVE;
				CLANG_WARN_UNREACHABLE_CODE = YES;
				CLANG_WARN__DUPLICATE_METHOD_MATCH = YES;
				COPY_PHASE_STRIP = NO;
				DEBUG_INFORMATION_FORMAT = "dwarf-with-dsym";
				ENABLE_NS_ASSERTIONS = NO;
				ENABLE_STRICT_OBJC_MSGSEND = YES;
				GCC_C_LANGUAGE_STANDARD = gnu11;
				GCC_NO_COMMON_BLOCKS = YES;
				GCC_WARN_64_TO_32_BIT_CONVERSION = YES;
				GCC_WARN_ABOUT_RETURN_TYPE = YES_ERROR;
				GCC_WARN_UNDECLARED_SELECTOR = YES;
				GCC_WARN_UNINITIALIZED_AUTOS = YES_AGGRESSIVE;
				GCC_WARN_UNUSED_FUNCTION = YES;
				GCC_WARN_UNUSED_VARIABLE = YES;
				IPHONEOS_DEPLOYMENT_TARGET = 15.0;
				MTL_ENABLE_DEBUG_INFO = NO;
				MTL_FAST_MATH = YES;
				SDKROOT = iphoneos;
				SWIFT_COMPILATION_MODE = wholemodule;
				SWIFT_OPTIMIZATION_LEVEL = "-O";
				VALIDATE_PRODUCT = YES;
			};
			name = Release;
		};
		270162D42801648B0069E0BE /* Debug */ = {
			isa = XCBuildConfiguration;
			baseConfigurationReference = 157A90547CEF226724AADF02 /* Pods-Weather.debug.xcconfig */;
			buildSettings = {
				ASSETCATALOG_COMPILER_APPICON_NAME = AppIcon;
				ASSETCATALOG_COMPILER_GLOBAL_ACCENT_COLOR_NAME = AccentColor;
				CODE_SIGN_STYLE = Automatic;
				CURRENT_PROJECT_VERSION = 1;
				DEVELOPMENT_TEAM = R354YBBVR5;
				GENERATE_INFOPLIST_FILE = YES;
				INFOPLIST_FILE = Weather/Info.plist;
				INFOPLIST_KEY_UIApplicationSupportsIndirectInputEvents = YES;
				INFOPLIST_KEY_UILaunchStoryboardName = LaunchScreen;
				INFOPLIST_KEY_UIMainStoryboardFile = Main;
				INFOPLIST_KEY_UISupportedInterfaceOrientations = UIInterfaceOrientationPortrait;
				INFOPLIST_KEY_UISupportedInterfaceOrientations_iPad = "UIInterfaceOrientationPortrait UIInterfaceOrientationPortraitUpsideDown UIInterfaceOrientationLandscapeLeft UIInterfaceOrientationLandscapeRight";
				INFOPLIST_KEY_UISupportedInterfaceOrientations_iPhone = "UIInterfaceOrientationPortrait UIInterfaceOrientationLandscapeLeft UIInterfaceOrientationLandscapeRight";
				IPHONEOS_DEPLOYMENT_TARGET = 13.0;
				LD_RUNPATH_SEARCH_PATHS = (
					"$(inherited)",
					"@executable_path/Frameworks",
				);
				MARKETING_VERSION = 1.0;
				PRODUCT_BUNDLE_IDENTIFIER = com.balaTTV.Weather;
				PRODUCT_NAME = "$(TARGET_NAME)";
				SWIFT_EMIT_LOC_STRINGS = YES;
				SWIFT_VERSION = 5.0;
				TARGETED_DEVICE_FAMILY = 1;
			};
			name = Debug;
		};
		270162D52801648B0069E0BE /* Release */ = {
			isa = XCBuildConfiguration;
			baseConfigurationReference = 85DCE009361DD45F37483DE3 /* Pods-Weather.release.xcconfig */;
			buildSettings = {
				ASSETCATALOG_COMPILER_APPICON_NAME = AppIcon;
				ASSETCATALOG_COMPILER_GLOBAL_ACCENT_COLOR_NAME = AccentColor;
				CODE_SIGN_STYLE = Automatic;
				CURRENT_PROJECT_VERSION = 1;
				DEVELOPMENT_TEAM = R354YBBVR5;
				GENERATE_INFOPLIST_FILE = YES;
				INFOPLIST_FILE = Weather/Info.plist;
				INFOPLIST_KEY_UIApplicationSupportsIndirectInputEvents = YES;
				INFOPLIST_KEY_UILaunchStoryboardName = LaunchScreen;
				INFOPLIST_KEY_UIMainStoryboardFile = Main;
				INFOPLIST_KEY_UISupportedInterfaceOrientations = UIInterfaceOrientationPortrait;
				INFOPLIST_KEY_UISupportedInterfaceOrientations_iPad = "UIInterfaceOrientationPortrait UIInterfaceOrientationPortraitUpsideDown UIInterfaceOrientationLandscapeLeft UIInterfaceOrientationLandscapeRight";
				INFOPLIST_KEY_UISupportedInterfaceOrientations_iPhone = "UIInterfaceOrientationPortrait UIInterfaceOrientationLandscapeLeft UIInterfaceOrientationLandscapeRight";
				IPHONEOS_DEPLOYMENT_TARGET = 13.0;
				LD_RUNPATH_SEARCH_PATHS = (
					"$(inherited)",
					"@executable_path/Frameworks",
				);
				MARKETING_VERSION = 1.0;
				PRODUCT_BUNDLE_IDENTIFIER = com.balaTTV.Weather;
				PRODUCT_NAME = "$(TARGET_NAME)";
				SWIFT_EMIT_LOC_STRINGS = YES;
				SWIFT_VERSION = 5.0;
				TARGETED_DEVICE_FAMILY = 1;
			};
			name = Release;
		};
/* End XCBuildConfiguration section */

/* Begin XCConfigurationList section */
		270162B7280164840069E0BE /* Build configuration list for PBXProject "Weather" */ = {
			isa = XCConfigurationList;
			buildConfigurations = (
				270162D12801648B0069E0BE /* Debug */,
				270162D22801648B0069E0BE /* Release */,
			);
			defaultConfigurationIsVisible = 0;
			defaultConfigurationName = Release;
		};
		270162D32801648B0069E0BE /* Build configuration list for PBXNativeTarget "Weather" */ = {
			isa = XCConfigurationList;
			buildConfigurations = (
				270162D42801648B0069E0BE /* Debug */,
				270162D52801648B0069E0BE /* Release */,
			);
			defaultConfigurationIsVisible = 0;
			defaultConfigurationName = Release;
		};
/* End XCConfigurationList section */

/* Begin XCVersionGroup section */
		270162C8280164850069E0BE /* Weather.xcdatamodeld */ = {
			isa = XCVersionGroup;
			children = (
				270162C9280164850069E0BE /* Weather.xcdatamodel */,
			);
			currentVersion = 270162C9280164850069E0BE /* Weather.xcdatamodel */;
			path = Weather.xcdatamodeld;
			sourceTree = "<group>";
			versionGroupType = wrapper.xcdatamodel;
		};
/* End XCVersionGroup section */
	};
	rootObject = 270162B4280164840069E0BE /* Project object */;
}
